# Code generated by scarb DO NOT EDIT.
version = 1

[[package]]
name = "openzeppelin"
version = "0.14.0"
source = "git+https://github.com/Realkayzee/cairo-contracts#b946bbf4da57b1830fbf34020adb1b68d4331de3"

[[package]]
name = "port"
version = "0.1.0"
dependencies = [
 "openzeppelin",
 "snforge_std",
]

[[package]]
name = "snforge_std"
version = "0.26.0"
source = "git+https://github.com/foundry-rs/starknet-foundry?tag=v0.26.0#50eb589db65e113efe4f09241feb59b574228c7e"
